
Microsoft Visual Studio Solution File, Format Version 12.00
# Visual Studio Version 16
VisualStudioVersion = 16.0.30225.117
MinimumVisualStudioVersion = 10.0.40219.1
Project("{9A19103F-16F7-4668-BE54-9A1E7A4F7556}") = "IslandUniverse", "IslandUniverse\IslandUniverse.csproj", "{864C7305-3ADB-4A23-906E-8047547C8AD0}"
EndProject
Project("{2150E333-8FDC-42A3-9474-1A3956D46DE8}") = "Solution Items", "Solution Items", "{0CE3DB87-9359-428F-8D8C-AB6266CA6A27}"
	ProjectSection(SolutionItems) = preProject
		.editorconfig = .editorconfig
	EndProjectSection
EndProject
Project("{FAE04EC0-301F-11D3-BF4B-00C04F79EFBC}") = "SamplePlugin", "SamplePlugin\SamplePlugin.csproj", "{CACC1CD5-531C-4A44-84BB-3CB7BD39AE30}"
EndProject
Global
	GlobalSection(SolutionConfigurationPlatforms) = preSolution
		Debug|Any CPU = Debug|Any CPU
		Release|Any CPU = Release|Any CPU
	EndGlobalSection
	GlobalSection(ProjectConfigurationPlatforms) = postSolution
		{864C7305-3ADB-4A23-906E-8047547C8AD0}.Debug|Any CPU.ActiveCfg = Debug|Any CPU
		{864C7305-3ADB-4A23-906E-8047547C8AD0}.Debug|Any CPU.Build.0 = Debug|Any CPU
		{864C7305-3ADB-4A23-906E-8047547C8AD0}.Release|Any CPU.ActiveCfg = Release|Any CPU
		{864C7305-3ADB-4A23-906E-8047547C8AD0}.Release|Any CPU.Build.0 = Release|Any CPU
		{CACC1CD5-531C-4A44-84BB-3CB7BD39AE30}.Debug|Any CPU.ActiveCfg = Debug|Any CPU
		{CACC1CD5-531C-4A44-84BB-3CB7BD39AE30}.Debug|Any CPU.Build.0 = Debug|Any CPU
		{CACC1CD5-531C-4A44-84BB-3CB7BD39AE30}.Release|Any CPU.ActiveCfg = Release|Any CPU
		{CACC1CD5-531C-4A44-84BB-3CB7BD39AE30}.Release|Any CPU.Build.0 = Release|Any CPU
	EndGlobalSection
	GlobalSection(SolutionProperties) = preSolution
		HideSolutionNode = FALSE
	EndGlobalSection
	GlobalSection(ExtensibilityGlobals) = postSolution
		SolutionGuid = {65183CDD-3E7F-458C-8FB5-ABD75218E6C7}
	EndGlobalSection
EndGlobal
